
Microsoft Visual Studio Solution File, Format Version 12.00
# Visual Studio 14
VisualStudioVersion = 14.0.24720.0
MinimumVisualStudioVersion = 10.0.40219.1
Project("{FAE04EC0-301F-11D3-BF4B-00C04F79EFBC}") = "Inventario", "Inventario\Inventario.csproj", "{82307FB5-3C2D-4755-A3A6-6063099B9FDE}"
EndProject
Project("{FAE04EC0-301F-11D3-BF4B-00C04F79EFBC}") = "Inventario.Tests", "Inventario.Tests\Inventario.Tests.csproj", "{B736054D-4D59-498B-A51E-2B4B9B607702}"
EndProject
Global
	GlobalSection(SolutionConfigurationPlatforms) = preSolution
		Debug|Any CPU = Debug|Any CPU
		Release|Any CPU = Release|Any CPU
	EndGlobalSection
	GlobalSection(ProjectConfigurationPlatforms) = postSolution
		{82307FB5-3C2D-4755-A3A6-6063099B9FDE}.Debug|Any CPU.ActiveCfg = Debug|Any CPU
		{82307FB5-3C2D-4755-A3A6-6063099B9FDE}.Debug|Any CPU.Build.0 = Debug|Any CPU
		{82307FB5-3C2D-4755-A3A6-6063099B9FDE}.Release|Any CPU.ActiveCfg = Release|Any CPU
		{82307FB5-3C2D-4755-A3A6-6063099B9FDE}.Release|Any CPU.Build.0 = Release|Any CPU
		{B736054D-4D59-498B-A51E-2B4B9B607702}.Debug|Any CPU.ActiveCfg = Debug|Any CPU
		{B736054D-4D59-498B-A51E-2B4B9B607702}.Debug|Any CPU.Build.0 = Debug|Any CPU
		{B736054D-4D59-498B-A51E-2B4B9B607702}.Release|Any CPU.ActiveCfg = Release|Any CPU
		{B736054D-4D59-498B-A51E-2B4B9B607702}.Release|Any CPU.Build.0 = Release|Any CPU
	EndGlobalSection
	GlobalSection(SolutionProperties) = preSolution
		HideSolutionNode = FALSE
	EndGlobalSection
EndGlobal
